
Microsoft Visual Studio Solution File, Format Version 12.00
# Visual Studio 15
VisualStudioVersion = 15.0.27130.2003
MinimumVisualStudioVersion = 10.0.40219.1
Project("{E24C65DC-7377-472B-9ABA-BC803B73C61A}") = "RSB_MultiAttributeColor", "RSB_MultiAttributeColor\", "{4CD8B85A-DC11-49A9-AB8E-8A24BF710711}"
	ProjectSection(WebsiteProperties) = preProject
		TargetFrameworkMoniker = ".NETFramework,Version%3Dv4.6.1"
		Debug.AspNetCompiler.VirtualPath = "/localhost_55099"
		Debug.AspNetCompiler.PhysicalPath = "RSB_MultiAttributeColor\"
		Debug.AspNetCompiler.TargetPath = "PrecompiledWeb\localhost_55099\"
		Debug.AspNetCompiler.Updateable = "true"
		Debug.AspNetCompiler.ForceOverwrite = "true"
		Debug.AspNetCompiler.FixedNames = "false"
		Debug.AspNetCompiler.Debug = "True"
		Release.AspNetCompiler.VirtualPath = "/localhost_55099"
		Release.AspNetCompiler.PhysicalPath = "RSB_MultiAttributeColor\"
		Release.AspNetCompiler.TargetPath = "PrecompiledWeb\localhost_55099\"
		Release.AspNetCompiler.Updateable = "true"
		Release.AspNetCompiler.ForceOverwrite = "true"
		Release.AspNetCompiler.FixedNames = "false"
		Release.AspNetCompiler.Debug = "False"
		VWDPort = "55099"
		SlnRelativePath = "RSB_MultiAttributeColor\"
		DefaultWebSiteLanguage = "Visual C#"
	EndProjectSection
EndProject
Global
	GlobalSection(SolutionConfigurationPlatforms) = preSolution
		Debug|Any CPU = Debug|Any CPU
	EndGlobalSection
	GlobalSection(ProjectConfigurationPlatforms) = postSolution
		{4CD8B85A-DC11-49A9-AB8E-8A24BF710711}.Debug|Any CPU.ActiveCfg = Debug|Any CPU
		{4CD8B85A-DC11-49A9-AB8E-8A24BF710711}.Debug|Any CPU.Build.0 = Debug|Any CPU
	EndGlobalSection
	GlobalSection(SolutionProperties) = preSolution
		HideSolutionNode = FALSE
	EndGlobalSection
	GlobalSection(ExtensibilityGlobals) = postSolution
		SolutionGuid = {D93F5788-E022-428B-8053-C5BE33CAC943}
	EndGlobalSection
EndGlobal
