
Microsoft Visual Studio Solution File, Format Version 12.00
# Visual Studio 15
VisualStudioVersion = 15.0.27130.2003
MinimumVisualStudioVersion = 10.0.40219.1
Project("{E24C65DC-7377-472B-9ABA-BC803B73C61A}") = "RSB_HelloCube", "RSB_HelloCube\", "{E4A83C32-FAC1-4C88-AF62-DDD56707E571}"
	ProjectSection(WebsiteProperties) = preProject
		TargetFrameworkMoniker = ".NETFramework,Version%3Dv4.6.1"
		Debug.AspNetCompiler.VirtualPath = "/localhost_64851"
		Debug.AspNetCompiler.PhysicalPath = "RSB_HelloCube\"
		Debug.AspNetCompiler.TargetPath = "PrecompiledWeb\localhost_64851\"
		Debug.AspNetCompiler.Updateable = "true"
		Debug.AspNetCompiler.ForceOverwrite = "true"
		Debug.AspNetCompiler.FixedNames = "false"
		Debug.AspNetCompiler.Debug = "True"
		Release.AspNetCompiler.VirtualPath = "/localhost_64851"
		Release.AspNetCompiler.PhysicalPath = "RSB_HelloCube\"
		Release.AspNetCompiler.TargetPath = "PrecompiledWeb\localhost_64851\"
		Release.AspNetCompiler.Updateable = "true"
		Release.AspNetCompiler.ForceOverwrite = "true"
		Release.AspNetCompiler.FixedNames = "false"
		Release.AspNetCompiler.Debug = "False"
		VWDPort = "64851"
		SlnRelativePath = "RSB_HelloCube\"
		DefaultWebSiteLanguage = "Visual C#"
	EndProjectSection
EndProject
Global
	GlobalSection(SolutionConfigurationPlatforms) = preSolution
		Debug|Any CPU = Debug|Any CPU
	EndGlobalSection
	GlobalSection(ProjectConfigurationPlatforms) = postSolution
		{E4A83C32-FAC1-4C88-AF62-DDD56707E571}.Debug|Any CPU.ActiveCfg = Debug|Any CPU
		{E4A83C32-FAC1-4C88-AF62-DDD56707E571}.Debug|Any CPU.Build.0 = Debug|Any CPU
	EndGlobalSection
	GlobalSection(SolutionProperties) = preSolution
		HideSolutionNode = FALSE
	EndGlobalSection
	GlobalSection(ExtensibilityGlobals) = postSolution
		SolutionGuid = {C3929A01-FC8A-4796-A604-8A914B26D057}
	EndGlobalSection
EndGlobal
