
Microsoft Visual Studio Solution File, Format Version 12.00
# Visual Studio 15
VisualStudioVersion = 15.0.27130.2003
MinimumVisualStudioVersion = 10.0.40219.1
Project("{E24C65DC-7377-472B-9ABA-BC803B73C61A}") = "RSB_RotatingTriangleAnimation", "RSB_RotatingTriangleAnimation\", "{8C9066B7-15D5-4900-B5BA-BA0402154ADE}"
	ProjectSection(WebsiteProperties) = preProject
		TargetFrameworkMoniker = ".NETFramework,Version%3Dv4.6.1"
		Debug.AspNetCompiler.VirtualPath = "/localhost_54860"
		Debug.AspNetCompiler.PhysicalPath = "RSB_RotatingTriangleAnimation\"
		Debug.AspNetCompiler.TargetPath = "PrecompiledWeb\localhost_54860\"
		Debug.AspNetCompiler.Updateable = "true"
		Debug.AspNetCompiler.ForceOverwrite = "true"
		Debug.AspNetCompiler.FixedNames = "false"
		Debug.AspNetCompiler.Debug = "True"
		Release.AspNetCompiler.VirtualPath = "/localhost_54860"
		Release.AspNetCompiler.PhysicalPath = "RSB_RotatingTriangleAnimation\"
		Release.AspNetCompiler.TargetPath = "PrecompiledWeb\localhost_54860\"
		Release.AspNetCompiler.Updateable = "true"
		Release.AspNetCompiler.ForceOverwrite = "true"
		Release.AspNetCompiler.FixedNames = "false"
		Release.AspNetCompiler.Debug = "False"
		VWDPort = "54860"
		SlnRelativePath = "RSB_RotatingTriangleAnimation\"
		DefaultWebSiteLanguage = "Visual C#"
	EndProjectSection
EndProject
Global
	GlobalSection(SolutionConfigurationPlatforms) = preSolution
		Debug|Any CPU = Debug|Any CPU
	EndGlobalSection
	GlobalSection(ProjectConfigurationPlatforms) = postSolution
		{8C9066B7-15D5-4900-B5BA-BA0402154ADE}.Debug|Any CPU.ActiveCfg = Debug|Any CPU
		{8C9066B7-15D5-4900-B5BA-BA0402154ADE}.Debug|Any CPU.Build.0 = Debug|Any CPU
	EndGlobalSection
	GlobalSection(SolutionProperties) = preSolution
		HideSolutionNode = FALSE
	EndGlobalSection
	GlobalSection(ExtensibilityGlobals) = postSolution
		SolutionGuid = {E1CF9913-2C07-4F32-80FA-5F83073079B6}
	EndGlobalSection
EndGlobal
